
Microsoft Visual Studio Solution File, Format Version 12.00
# Visual Studio Version 16
VisualStudioVersion = 16.0.31019.35
MinimumVisualStudioVersion = 10.0.40219.1
Project("{FAE04EC0-301F-11D3-BF4B-00C04F79EFBC}") = "Deliverable2", "Deliverable2\Deliverable2.csproj", "{1EC68966-0EC2-4259-870A-9FA9C7C80A4F}"
EndProject
Global
	GlobalSection(SolutionConfigurationPlatforms) = preSolution
		Debug|Any CPU = Debug|Any CPU
		Release|Any CPU = Release|Any CPU
	EndGlobalSection
	GlobalSection(ProjectConfigurationPlatforms) = postSolution
		{1EC68966-0EC2-4259-870A-9FA9C7C80A4F}.Debug|Any CPU.ActiveCfg = Debug|Any CPU
		{1EC68966-0EC2-4259-870A-9FA9C7C80A4F}.Debug|Any CPU.Build.0 = Debug|Any CPU
		{1EC68966-0EC2-4259-870A-9FA9C7C80A4F}.Release|Any CPU.ActiveCfg = Release|Any CPU
		{1EC68966-0EC2-4259-870A-9FA9C7C80A4F}.Release|Any CPU.Build.0 = Release|Any CPU
	EndGlobalSection
	GlobalSection(SolutionProperties) = preSolution
		HideSolutionNode = FALSE
	EndGlobalSection
	GlobalSection(ExtensibilityGlobals) = postSolution
		SolutionGuid = {664C6F6C-5AE7-4AD7-A9E0-D19C59EEBA63}
	EndGlobalSection
EndGlobal
